
Microsoft Visual Studio Solution File, Format Version 12.00
# Visual Studio 2013
VisualStudioVersion = 12.0.30723.0
MinimumVisualStudioVersion = 10.0.40219.1
Project("{FAE04EC0-301F-11D3-BF4B-00C04F79EFBC}") = "IntroductionMVC5.Web", "IntroductionMVC5\IntroductionMVC5.Web.csproj", "{BB11485A-B934-4D9B-83CE-FEE4D8E0EA2A}"
EndProject
Project("{FAE04EC0-301F-11D3-BF4B-00C04F79EFBC}") = "IntroductionMVC5.Tests", "IntroductionMVC5.Tests\IntroductionMVC5.Tests.csproj", "{C02E9D9A-D569-4AB0-B5AC-308AD966BD82}"
EndProject
Project("{FAE04EC0-301F-11D3-BF4B-00C04F79EFBC}") = "IntroductionMVC5.ConsoleApp", "IntroductionMVC5.Console\IntroductionMVC5.ConsoleApp.csproj", "{72C6BD19-CB8E-4AF3-819D-D27AC90C792D}"
EndProject
Project("{FAE04EC0-301F-11D3-BF4B-00C04F79EFBC}") = "IntroductionMVC5.Data", "IntroductionMVC5.Data\IntroductionMVC5.Data.csproj", "{522B3A65-2D29-4416-9A3B-B2E004F8AA4A}"
EndProject
Project("{FAE04EC0-301F-11D3-BF4B-00C04F79EFBC}") = "IntroductionMVC5.Models", "IntroductionMVC5.Models\IntroductionMVC5.Models.csproj", "{832C1E8D-5377-4929-AC23-B4C5D2107FF8}"
EndProject
Project("{FAE04EC0-301F-11D3-BF4B-00C04F79EFBC}") = "IntroductionMVC5.Service", "IntroductionMVC.Service\IntroductionMVC5.Service.csproj", "{E56D3F35-C32A-4FC2-BA2E-8CBDE4AC7403}"
EndProject
Project("{FAE04EC0-301F-11D3-BF4B-00C04F79EFBC}") = "RustiviaSolutions.PDFGenerator", "IntroductionMVC5.PDFGenerator\RustiviaSolutions.PDFGenerator.csproj", "{52582708-B3A6-4884-9A12-F66E86C6541B}"
EndProject
Global
	GlobalSection(TeamFoundationVersionControl) = preSolution
		SccNumberOfProjects = 8
		SccEnterpriseProvider = {4CA58AB2-18FA-4F8D-95D4-32DDF27D184C}
		SccTeamFoundationServer = https://ndavhestudio.visualstudio.com/defaultcollection
		SccLocalPath0 = .
		SccProjectUniqueName1 = IntroductionMVC.Service\\IntroductionMVC5.Service.csproj
		SccProjectName1 = IntroductionMVC.Service
		SccLocalPath1 = IntroductionMVC.Service
		SccProjectUniqueName2 = IntroductionMVC5.Console\\IntroductionMVC5.ConsoleApp.csproj
		SccProjectName2 = IntroductionMVC5.Console
		SccLocalPath2 = IntroductionMVC5.Console
		SccProjectUniqueName3 = IntroductionMVC5.Data\\IntroductionMVC5.Data.csproj
		SccProjectName3 = IntroductionMVC5.Data
		SccLocalPath3 = IntroductionMVC5.Data
		SccProjectUniqueName4 = IntroductionMVC5.Models\\IntroductionMVC5.Models.csproj
		SccProjectName4 = IntroductionMVC5.Models
		SccLocalPath4 = IntroductionMVC5.Models
		SccProjectUniqueName5 = IntroductionMVC5.PDFGenerator\\RustiviaSolutions.PDFGenerator.csproj
		SccProjectName5 = IntroductionMVC5.PDFGenerator
		SccLocalPath5 = IntroductionMVC5.PDFGenerator
		SccProjectUniqueName6 = IntroductionMVC5.Tests\\IntroductionMVC5.Tests.csproj
		SccProjectName6 = IntroductionMVC5.Tests
		SccLocalPath6 = IntroductionMVC5.Tests
		SccProjectUniqueName7 = IntroductionMVC5\\IntroductionMVC5.Web.csproj
		SccProjectName7 = IntroductionMVC5
		SccLocalPath7 = IntroductionMVC5
	EndGlobalSection
	GlobalSection(SolutionConfigurationPlatforms) = preSolution
		Debug|Any CPU = Debug|Any CPU
		Release|Any CPU = Release|Any CPU
	EndGlobalSection
	GlobalSection(ProjectConfigurationPlatforms) = postSolution
		{BB11485A-B934-4D9B-83CE-FEE4D8E0EA2A}.Debug|Any CPU.ActiveCfg = Debug|Any CPU
		{BB11485A-B934-4D9B-83CE-FEE4D8E0EA2A}.Debug|Any CPU.Build.0 = Debug|Any CPU
		{BB11485A-B934-4D9B-83CE-FEE4D8E0EA2A}.Release|Any CPU.ActiveCfg = Release|Any CPU
		{BB11485A-B934-4D9B-83CE-FEE4D8E0EA2A}.Release|Any CPU.Build.0 = Release|Any CPU
		{C02E9D9A-D569-4AB0-B5AC-308AD966BD82}.Debug|Any CPU.ActiveCfg = Debug|Any CPU
		{C02E9D9A-D569-4AB0-B5AC-308AD966BD82}.Debug|Any CPU.Build.0 = Debug|Any CPU
		{C02E9D9A-D569-4AB0-B5AC-308AD966BD82}.Release|Any CPU.ActiveCfg = Release|Any CPU
		{C02E9D9A-D569-4AB0-B5AC-308AD966BD82}.Release|Any CPU.Build.0 = Release|Any CPU
		{72C6BD19-CB8E-4AF3-819D-D27AC90C792D}.Debug|Any CPU.ActiveCfg = Debug|Any CPU
		{72C6BD19-CB8E-4AF3-819D-D27AC90C792D}.Debug|Any CPU.Build.0 = Debug|Any CPU
		{72C6BD19-CB8E-4AF3-819D-D27AC90C792D}.Release|Any CPU.ActiveCfg = Release|Any CPU
		{72C6BD19-CB8E-4AF3-819D-D27AC90C792D}.Release|Any CPU.Build.0 = Release|Any CPU
		{522B3A65-2D29-4416-9A3B-B2E004F8AA4A}.Debug|Any CPU.ActiveCfg = Debug|Any CPU
		{522B3A65-2D29-4416-9A3B-B2E004F8AA4A}.Debug|Any CPU.Build.0 = Debug|Any CPU
		{522B3A65-2D29-4416-9A3B-B2E004F8AA4A}.Release|Any CPU.ActiveCfg = Release|Any CPU
		{522B3A65-2D29-4416-9A3B-B2E004F8AA4A}.Release|Any CPU.Build.0 = Release|Any CPU
		{832C1E8D-5377-4929-AC23-B4C5D2107FF8}.Debug|Any CPU.ActiveCfg = Debug|Any CPU
		{832C1E8D-5377-4929-AC23-B4C5D2107FF8}.Debug|Any CPU.Build.0 = Debug|Any CPU
		{832C1E8D-5377-4929-AC23-B4C5D2107FF8}.Release|Any CPU.ActiveCfg = Release|Any CPU
		{832C1E8D-5377-4929-AC23-B4C5D2107FF8}.Release|Any CPU.Build.0 = Release|Any CPU
		{E56D3F35-C32A-4FC2-BA2E-8CBDE4AC7403}.Debug|Any CPU.ActiveCfg = Debug|Any CPU
		{E56D3F35-C32A-4FC2-BA2E-8CBDE4AC7403}.Debug|Any CPU.Build.0 = Debug|Any CPU
		{E56D3F35-C32A-4FC2-BA2E-8CBDE4AC7403}.Release|Any CPU.ActiveCfg = Release|Any CPU
		{E56D3F35-C32A-4FC2-BA2E-8CBDE4AC7403}.Release|Any CPU.Build.0 = Release|Any CPU
		{52582708-B3A6-4884-9A12-F66E86C6541B}.Debug|Any CPU.ActiveCfg = Debug|Any CPU
		{52582708-B3A6-4884-9A12-F66E86C6541B}.Debug|Any CPU.Build.0 = Debug|Any CPU
		{52582708-B3A6-4884-9A12-F66E86C6541B}.Release|Any CPU.ActiveCfg = Release|Any CPU
		{52582708-B3A6-4884-9A12-F66E86C6541B}.Release|Any CPU.Build.0 = Release|Any CPU
	EndGlobalSection
	GlobalSection(SolutionProperties) = preSolution
		HideSolutionNode = FALSE
	EndGlobalSection
EndGlobal
